
Microsoft Visual Studio Solution File, Format Version 12.00
# Visual Studio 15
VisualStudioVersion = 15.0.26730.15
MinimumVisualStudioVersion = 10.0.40219.1
Project("{8BC9CEB8-8B4A-11D0-8D11-00A0C91BC942}") = "NDI-Video-Receiver", "NDI-Video-Receiver\NDI-Video-Receiver.vcxproj", "{C91C991C-BF39-4164-B0E6-696C09BC9D9D}"
EndProject
Global
	GlobalSection(SolutionConfigurationPlatforms) = preSolution
		Debug|x64 = Debug|x64
		Debug|x86 = Debug|x86
		Release|x64 = Release|x64
		Release|x86 = Release|x86
	EndGlobalSection
	GlobalSection(ProjectConfigurationPlatforms) = postSolution
		{C91C991C-BF39-4164-B0E6-696C09BC9D9D}.Debug|x64.ActiveCfg = Debug|x64
		{C91C991C-BF39-4164-B0E6-696C09BC9D9D}.Debug|x64.Build.0 = Debug|x64
		{C91C991C-BF39-4164-B0E6-696C09BC9D9D}.Debug|x86.ActiveCfg = Debug|Win32
		{C91C991C-BF39-4164-B0E6-696C09BC9D9D}.Debug|x86.Build.0 = Debug|Win32
		{C91C991C-BF39-4164-B0E6-696C09BC9D9D}.Release|x64.ActiveCfg = Release|x64
		{C91C991C-BF39-4164-B0E6-696C09BC9D9D}.Release|x64.Build.0 = Release|x64
		{C91C991C-BF39-4164-B0E6-696C09BC9D9D}.Release|x86.ActiveCfg = Release|Win32
		{C91C991C-BF39-4164-B0E6-696C09BC9D9D}.Release|x86.Build.0 = Release|Win32
	EndGlobalSection
	GlobalSection(SolutionProperties) = preSolution
		HideSolutionNode = FALSE
	EndGlobalSection
	GlobalSection(ExtensibilityGlobals) = postSolution
		SolutionGuid = {34734BA3-0792-4ADE-B3A6-46452C537B98}
	EndGlobalSection
EndGlobal
